
Microsoft Visual Studio Solution File, Format Version 12.00
# Visual Studio Version 16
VisualStudioVersion = 16.0.32002.261
MinimumVisualStudioVersion = 10.0.40219.1
Project("{FAE04EC0-301F-11D3-BF4B-00C04F79EFBC}") = "Git e Testes", "Git e Testes\Git e Testes.csproj", "{04223CAC-DE9D-4D98-A28F-3F9BE22A56B7}"
EndProject
Global
	GlobalSection(SolutionConfigurationPlatforms) = preSolution
		Debug|Any CPU = Debug|Any CPU
		Release|Any CPU = Release|Any CPU
	EndGlobalSection
	GlobalSection(ProjectConfigurationPlatforms) = postSolution
		{04223CAC-DE9D-4D98-A28F-3F9BE22A56B7}.Debug|Any CPU.ActiveCfg = Debug|Any CPU
		{04223CAC-DE9D-4D98-A28F-3F9BE22A56B7}.Debug|Any CPU.Build.0 = Debug|Any CPU
		{04223CAC-DE9D-4D98-A28F-3F9BE22A56B7}.Release|Any CPU.ActiveCfg = Release|Any CPU
		{04223CAC-DE9D-4D98-A28F-3F9BE22A56B7}.Release|Any CPU.Build.0 = Release|Any CPU
	EndGlobalSection
	GlobalSection(SolutionProperties) = preSolution
		HideSolutionNode = FALSE
	EndGlobalSection
	GlobalSection(ExtensibilityGlobals) = postSolution
		SolutionGuid = {01926D11-B2EA-4E2F-916F-F4DA386B4FE6}
	EndGlobalSection
EndGlobal
